
Microsoft Visual Studio Solution File, Format Version 12.00
# Visual Studio Version 16
VisualStudioVersion = 16.0.30608.117
MinimumVisualStudioVersion = 10.0.40219.1
Project("{9A19103F-16F7-4668-BE54-9A1E7A4F7556}") = "WebAppMixedWithBlazor", "WebAppMixedWithBlazor\WebAppMixedWithBlazor.csproj", "{C8928A0A-CC7B-4439-9014-1280A8CA9170}"
EndProject
Project("{2150E333-8FDC-42A3-9474-1A3956D46DE8}") = "Solution Items", "Solution Items", "{59305BB5-6D38-4408-A6B3-330D300B8D05}"
	ProjectSection(SolutionItems) = preProject
		README.md = README.md
	EndProjectSection
EndProject
Project("{9A19103F-16F7-4668-BE54-9A1E7A4F7556}") = "Plk.Blazor.DragDrop", "Plk.Blazor.DragDrop\Plk.Blazor.DragDrop.csproj", "{E1ED5D80-D233-403E-A11F-842EFC140001}"
EndProject
Global
	GlobalSection(SolutionConfigurationPlatforms) = preSolution
		Debug|Any CPU = Debug|Any CPU
		Release|Any CPU = Release|Any CPU
	EndGlobalSection
	GlobalSection(ProjectConfigurationPlatforms) = postSolution
		{C8928A0A-CC7B-4439-9014-1280A8CA9170}.Debug|Any CPU.ActiveCfg = Debug|Any CPU
		{C8928A0A-CC7B-4439-9014-1280A8CA9170}.Debug|Any CPU.Build.0 = Debug|Any CPU
		{C8928A0A-CC7B-4439-9014-1280A8CA9170}.Release|Any CPU.ActiveCfg = Release|Any CPU
		{C8928A0A-CC7B-4439-9014-1280A8CA9170}.Release|Any CPU.Build.0 = Release|Any CPU
		{E1ED5D80-D233-403E-A11F-842EFC140001}.Debug|Any CPU.ActiveCfg = Debug|Any CPU
		{E1ED5D80-D233-403E-A11F-842EFC140001}.Debug|Any CPU.Build.0 = Debug|Any CPU
		{E1ED5D80-D233-403E-A11F-842EFC140001}.Release|Any CPU.ActiveCfg = Release|Any CPU
		{E1ED5D80-D233-403E-A11F-842EFC140001}.Release|Any CPU.Build.0 = Release|Any CPU
	EndGlobalSection
	GlobalSection(SolutionProperties) = preSolution
		HideSolutionNode = FALSE
	EndGlobalSection
	GlobalSection(ExtensibilityGlobals) = postSolution
		SolutionGuid = {055A71D7-1340-41FA-A99D-452E7325C6CB}
	EndGlobalSection
EndGlobal
