
Microsoft Visual Studio Solution File, Format Version 12.00
# Visual Studio Version 16
VisualStudioVersion = 16.0.30608.117
MinimumVisualStudioVersion = 10.0.40219.1
Project("{FAE04EC0-301F-11D3-BF4B-00C04F79EFBC}") = "WebAppMixedWithBlazor", "WebAppMixedWithBlazor\WebAppMixedWithBlazor.csproj", "{C8928A0A-CC7B-4439-9014-1280A8CA9170}"
EndProject
Global
	GlobalSection(SolutionConfigurationPlatforms) = preSolution
		Debug|Any CPU = Debug|Any CPU
		Release|Any CPU = Release|Any CPU
	EndGlobalSection
	GlobalSection(ProjectConfigurationPlatforms) = postSolution
		{C8928A0A-CC7B-4439-9014-1280A8CA9170}.Debug|Any CPU.ActiveCfg = Debug|Any CPU
		{C8928A0A-CC7B-4439-9014-1280A8CA9170}.Debug|Any CPU.Build.0 = Debug|Any CPU
		{C8928A0A-CC7B-4439-9014-1280A8CA9170}.Release|Any CPU.ActiveCfg = Release|Any CPU
		{C8928A0A-CC7B-4439-9014-1280A8CA9170}.Release|Any CPU.Build.0 = Release|Any CPU
	EndGlobalSection
	GlobalSection(SolutionProperties) = preSolution
		HideSolutionNode = FALSE
	EndGlobalSection
	GlobalSection(ExtensibilityGlobals) = postSolution
		SolutionGuid = {055A71D7-1340-41FA-A99D-452E7325C6CB}
	EndGlobalSection
EndGlobal
